// !$*UTF8*$!
{
	archiveVersion = 1;
	classes = {
	};
	objectVersion = 48;
	objects = {

/* Begin PBXBuildFile section */
		0C26EE6E1F56B7AA0021F18F /* AppDelegate.swift in Sources */ = {isa = PBXBuildFile; fileRef = 0C26EE6D1F56B7AA0021F18F /* AppDelegate.swift */; };
		0C26EE731F56B7AA0021F18F /* Main.storyboard in Resources */ = {isa = PBXBuildFile; fileRef = 0C26EE711F56B7AA0021F18F /* Main.storyboard */; };
		0C26EE751F56B7AA0021F18F /* Assets.xcassets in Resources */ = {isa = PBXBuildFile; fileRef = 0C26EE741F56B7AA0021F18F /* Assets.xcassets */; };
		0C26EE781F56B7AA0021F18F /* LaunchScreen.storyboard in Resources */ = {isa = PBXBuildFile; fileRef = 0C26EE761F56B7AA0021F18F /* LaunchScreen.storyboard */; };
		0C26EE801F56B8BF0021F18F /* CollectionVC.swift in Sources */ = {isa = PBXBuildFile; fileRef = 0C26EE7F1F56B8BF0021F18F /* CollectionVC.swift */; };
/* End PBXBuildFile section */

/* Begin PBXFileReference section */
		0C26EE6A1F56B7AA0021F18F /* CollectionViewBasic.app */ = {isa = PBXFileReference; explicitFileType = wrapper.application; includeInIndex = 0; path = CollectionViewBasic.app; sourceTree = BUILT_PRODUCTS_DIR; };
		0C26EE6D1F56B7AA0021F18F /* AppDelegate.swift */ = {isa = PBXFileReference; lastKnownFileType = sourcecode.swift; path = AppDelegate.swift; sourceTree = "<group>"; };
		0C26EE721F56B7AA0021F18F /* Base */ = {isa = PBXFileReference; lastKnownFileType = file.storyboard; name = Base; path = Base.lproj/Main.storyboard; sourceTree = "<group>"; };
		0C26EE741F56B7AA0021F18F /* Assets.xcassets */ = {isa = PBXFileReference; lastKnownFileType = folder.assetcatalog; path = Assets.xcassets; sourceTree = "<group>"; };
		0C26EE771F56B7AA0021F18F /* Base */ = {isa = PBXFileReference; lastKnownFileType = file.storyboard; name = Base; path = Base.lproj/LaunchScreen.storyboard; sourceTree = "<group>"; };
		0C26EE791F56B7AA0021F18F /* Info.plist */ = {isa = PBXFileReference; lastKnownFileType = text.plist.xml; path = Info.plist; sourceTree = "<group>"; };
		0C26EE7F1F56B8BF0021F18F /* CollectionVC.swift */ = {isa = PBXFileReference; lastKnownFileType = sourcecode.swift; path = CollectionVC.swift; sourceTree = "<group>"; };
/* End PBXFileReference section */

/* Begin PBXFrameworksBuildPhase section */
		0C26EE671F56B7AA0021F18F /* Frameworks */ = {
			isa = PBXFrameworksBuildPhase;
			buildActionMask = 2147483647;
			files = (
			);
			runOnlyForDeploymentPostprocessing = 0;
		};
/* End PBXFrameworksBuildPhase section */

/* Begin PBXGroup section */
		0C26EE611F56B7AA0021F18F = {
			isa = PBXGroup;
			children = (
				0C26EE6C1F56B7AA0021F18F /* CollectionViewBasic */,
				0C26EE6B1F56B7AA0021F18F /* Products */,
			);
			sourceTree = "<group>";
		};
		0C26EE6B1F56B7AA0021F18F /* Products */ = {
			isa = PBXGroup;
			children = (
				0C26EE6A1F56B7AA0021F18F /* CollectionViewBasic.app */,
			);
			name = Products;
			sourceTree = "<group>";
		};
		0C26EE6C1F56B7AA0021F18F /* CollectionViewBasic */ = {
			isa = PBXGroup;
			children = (
				0C26EE6D1F56B7AA0021F18F /* AppDelegate.swift */,
				0C26EE7F1F56B8BF0021F18F /* CollectionVC.swift */,
				0C26EE711F56B7AA0021F18F /* Main.storyboard */,
				0C26EE741F56B7AA0021F18F /* Assets.xcassets */,
				0C26EE761F56B7AA0021F18F /* LaunchScreen.storyboard */,
				0C26EE791F56B7AA0021F18F /* Info.plist */,
			);
			path = CollectionViewBasic;
			sourceTree = "<group>";
		};
/* End PBXGroup section */

/* Begin PBXNativeTarget section */
		0C26EE691F56B7AA0021F18F /* CollectionViewBasic */ = {
			isa = PBXNativeTarget;
			buildConfigurationList = 0C26EE7C1F56B7AA0021F18F /* Build configuration list for PBXNativeTarget "CollectionViewBasic" */;
			buildPhases = (
				0C26EE661F56B7AA0021F18F /* Sources */,
				0C26EE671F56B7AA0021F18F /* Frameworks */,
				0C26EE681F56B7AA0021F18F /* Resources */,
			);
			buildRules = (
			);
			dependencies = (
			);
			name = CollectionViewBasic;
			productName = CollectionViewBasic;
			productReference = 0C26EE6A1F56B7AA0021F18F /* CollectionViewBasic.app */;
			productType = "com.apple.product-type.application";
		};
/* End PBXNativeTarget section */

/* Begin PBXProject section */
		0C26EE621F56B7AA0021F18F /* Project object */ = {
			isa = PBXProject;
			attributes = {
				LastSwiftUpdateCheck = 0900;
				LastUpgradeCheck = 0900;
				ORGANIZATIONNAME = "Appinventiv Technologies";
				TargetAttributes = {
					0C26EE691F56B7AA0021F18F = {
						CreatedOnToolsVersion = 9.0;
						ProvisioningStyle = Automatic;
					};
				};
			};
			buildConfigurationList = 0C26EE651F56B7AA0021F18F /* Build configuration list for PBXProject "CollectionViewBasic" */;
			compatibilityVersion = "Xcode 8.0";
			developmentRegion = en;
			hasScannedForEncodings = 0;
			knownRegions = (
				en,
				Base,
			);
			mainGroup = 0C26EE611F56B7AA0021F18F;
			productRefGroup = 0C26EE6B1F56B7AA0021F18F /* Products */;
			projectDirPath = "";
			projectRoot = "";
			targets = (
				0C26EE691F56B7AA0021F18F /* CollectionViewBasic */,
			);
		};
/* End PBXProject section */

/* Begin PBXResourcesBuildPhase section */
		0C26EE681F56B7AA0021F18F /* Resources */ = {
			isa = PBXResourcesBuildPhase;
			buildActionMask = 2147483647;
			files = (
				0C26EE781F56B7AA0021F18F /* LaunchScreen.storyboard in Resources */,
				0C26EE751F56B7AA0021F18F /* Assets.xcassets in Resources */,
				0C26EE731F56B7AA0021F18F /* Main.storyboard in Resources */,
			);
			runOnlyForDeploymentPostprocessing = 0;
		};
/* End PBXResourcesBuildPhase section */

/* Begin PBXSourcesBuildPhase section */
		0C26EE661F56B7AA0021F18F /* Sources */ = {
			isa = PBXSourcesBuildPhase;
			buildActionMask = 2147483647;
			files = (
				0C26EE801F56B8BF0021F18F /* CollectionVC.swift in Sources */,
				0C26EE6E1F56B7AA0021F18F /* AppDelegate.swift in Sources */,
			);
			runOnlyForDeploymentPostprocessing = 0;
		};
/* End PBXSourcesBuildPhase section */

/* Begin PBXVariantGroup section */
		0C26EE711F56B7AA0021F18F /* Main.storyboard */ = {
			isa = PBXVariantGroup;
			children = (
				0C26EE721F56B7AA0021F18F /* Base */,
			);
			name = Main.storyboard;
			sourceTree = "<group>";
		};
		0C26EE761F56B7AA0021F18F /* LaunchScreen.storyboard */ = {
			isa = PBXVariantGroup;
			children = (
				0C26EE771F56B7AA0021F18F /* Base */,
			);
			name = LaunchScreen.storyboard;
			sourceTree = "<group>";
		};
/* End PBXVariantGroup section */

/* Begin XCBuildConfiguration section */
		0C26EE7A1F56B7AA0021F18F /* Debug */ = {
			isa = XCBuildConfiguration;
			buildSettings = {
				ALWAYS_SEARCH_USER_PATHS = NO;
				CLANG_ANALYZER_NONNULL = YES;
				CLANG_ANALYZER_NUMBER_OBJECT_CONVERSION = YES_AGGRESSIVE;
				CLANG_CXX_LANGUAGE_STANDARD = "gnu++14";
				CLANG_CXX_LIBRARY = "libc++";
				CLANG_ENABLE_MODULES = YES;
				CLANG_ENABLE_OBJC_ARC = YES;
				CLANG_WARN_BLOCK_CAPTURE_AUTORELEASING = YES;
				CLANG_WARN_BOOL_CONVERSION = YES;
				CLANG_WARN_COMMA = YES;
				CLANG_WARN_CONSTANT_CONVERSION = YES;
				CLANG_WARN_DIRECT_OBJC_ISA_USAGE = YES_ERROR;
				CLANG_WARN_DOCUMENTATION_COMMENTS = YES;
				CLANG_WARN_EMPTY_BODY = YES;
				CLANG_WARN_ENUM_CONVERSION = YES;
				CLANG_WARN_INFINITE_RECURSION = YES;
				CLANG_WARN_INT_CONVERSION = YES;
				CLANG_WARN_NON_LITERAL_NULL_CONVERSION = YES;
				CLANG_WARN_OBJC_LITERAL_CONVERSION = YES;
				CLANG_WARN_OBJC_ROOT_CLASS = YES_ERROR;
				CLANG_WARN_RANGE_LOOP_ANALYSIS = YES;
				CLANG_WARN_STRICT_PROTOTYPES = YES;
				CLANG_WARN_SUSPICIOUS_MOVE = YES;
				CLANG_WARN_UNGUARDED_AVAILABILITY = YES_AGGRESSIVE;
				CLANG_WARN_UNREACHABLE_CODE = YES;
				CLANG_WARN__DUPLICATE_METHOD_MATCH = YES;
				CODE_SIGN_IDENTITY = "iPhone Developer";
				COPY_PHASE_STRIP = NO;
				DEBUG_INFORMATION_FORMAT = dwarf;
				ENABLE_STRICT_OBJC_MSGSEND = YES;
				ENABLE_TESTABILITY = YES;
				GCC_C_LANGUAGE_STANDARD = gnu11;
				GCC_DYNAMIC_NO_PIC = NO;
				GCC_NO_COMMON_BLOCKS = YES;
				GCC_OPTIMIZATION_LEVEL = 0;
				GCC_PREPROCESSOR_DEFINITIONS = (
					"DEBUG=1",
					"$(inherited)",
				);
				GCC_WARN_64_TO_32_BIT_CONVERSION = YES;
				GCC_WARN_ABOUT_RETURN_TYPE = YES_ERROR;
				GCC_WARN_UNDECLARED_SELECTOR = YES;
				GCC_WARN_UNINITIALIZED_AUTOS = YES_AGGRESSIVE;
				GCC_WARN_UNUSED_FUNCTION = YES;
				GCC_WARN_UNUSED_VARIABLE = YES;
				IPHONEOS_DEPLOYMENT_TARGET = 11.0;
				MTL_ENABLE_DEBUG_INFO = YES;
				ONLY_ACTIVE_ARCH = YES;
				SDKROOT = iphoneos;
				SWIFT_ACTIVE_COMPILATION_CONDITIONS = DEBUG;
				SWIFT_OPTIMIZATION_LEVEL = "-Onone";
			};
			name = Debug;
		};
		0C26EE7B1F56B7AA0021F18F /* Release */ = {
			isa = XCBuildConfiguration;
			buildSettings = {
				ALWAYS_SEARCH_USER_PATHS = NO;
				CLANG_ANALYZER_NONNULL = YES;
				CLANG_ANALYZER_NUMBER_OBJECT_CONVERSION = YES_AGGRESSIVE;
				CLANG_CXX_LANGUAGE_STANDARD = "gnu++14";
				CLANG_CXX_LIBRARY = "libc++";
				CLANG_ENABLE_MODULES = YES;
				CLANG_ENABLE_OBJC_ARC = YES;
				CLANG_WARN_BLOCK_CAPTURE_AUTORELEASING = YES;
				CLANG_WARN_BOOL_CONVERSION = YES;
				CLANG_WARN_COMMA = YES;
				CLANG_WARN_CONSTANT_CONVERSION = YES;
				CLANG_WARN_DIRECT_OBJC_ISA_USAGE = YES_ERROR;
				CLANG_WARN_DOCUMENTATION_COMMENTS = YES;
				CLANG_WARN_EMPTY_BODY = YES;
				CLANG_WARN_ENUM_CONVERSION = YES;
				CLANG_WARN_INFINITE_RECURSION = YES;
				CLANG_WARN_INT_CONVERSION = YES;
				CLANG_WARN_NON_LITERAL_NULL_CONVERSION = YES;
				CLANG_WARN_OBJC_LITERAL_CONVERSION = YES;
				CLANG_WARN_OBJC_ROOT_CLASS = YES_ERROR;
				CLANG_WARN_RANGE_LOOP_ANALYSIS = YES;
				CLANG_WARN_STRICT_PROTOTYPES = YES;
				CLANG_WARN_SUSPICIOUS_MOVE = YES;
				CLANG_WARN_UNGUARDED_AVAILABILITY = YES_AGGRESSIVE;
				CLANG_WARN_UNREACHABLE_CODE = YES;
				CLANG_WARN__DUPLICATE_METHOD_MATCH = YES;
				CODE_SIGN_IDENTITY = "iPhone Developer";
				COPY_PHASE_STRIP = NO;
				DEBUG_INFORMATION_FORMAT = "dwarf-with-dsym";
				ENABLE_NS_ASSERTIONS = NO;
				ENABLE_STRICT_OBJC_MSGSEND = YES;
				GCC_C_LANGUAGE_STANDARD = gnu11;
				GCC_NO_COMMON_BLOCKS = YES;
				GCC_WARN_64_TO_32_BIT_CONVERSION = YES;
				GCC_WARN_ABOUT_RETURN_TYPE = YES_ERROR;
				GCC_WARN_UNDECLARED_SELECTOR = YES;
				GCC_WARN_UNINITIALIZED_AUTOS = YES_AGGRESSIVE;
				GCC_WARN_UNUSED_FUNCTION = YES;
				GCC_WARN_UNUSED_VARIABLE = YES;
				IPHONEOS_DEPLOYMENT_TARGET = 11.0;
				MTL_ENABLE_DEBUG_INFO = NO;
				SDKROOT = iphoneos;
				SWIFT_OPTIMIZATION_LEVEL = "-Owholemodule";
				VALIDATE_PRODUCT = YES;
			};
			name = Release;
		};
		0C26EE7D1F56B7AA0021F18F /* Debug */ = {
			isa = XCBuildConfiguration;
			buildSettings = {
				ASSETCATALOG_COMPILER_APPICON_NAME = AppIcon;
				CODE_SIGN_STYLE = Automatic;
				INFOPLIST_FILE = CollectionViewBasic/Info.plist;
				LD_RUNPATH_SEARCH_PATHS = "$(inherited) @executable_path/Frameworks";
				PRODUCT_BUNDLE_IDENTIFIER = d.CollectionViewBasic;
				PRODUCT_NAME = "$(TARGET_NAME)";
				SWIFT_VERSION = 4.0;
				TARGETED_DEVICE_FAMILY = "1,2";
			};
			name = Debug;
		};
		0C26EE7E1F56B7AA0021F18F /* Release */ = {
			isa = XCBuildConfiguration;
			buildSettings = {
				ASSETCATALOG_COMPILER_APPICON_NAME = AppIcon;
				CODE_SIGN_STYLE = Automatic;
				INFOPLIST_FILE = CollectionViewBasic/Info.plist;
				LD_RUNPATH_SEARCH_PATHS = "$(inherited) @executable_path/Frameworks";
				PRODUCT_BUNDLE_IDENTIFIER = d.CollectionViewBasic;
				PRODUCT_NAME = "$(TARGET_NAME)";
				SWIFT_VERSION = 4.0;
				TARGETED_DEVICE_FAMILY = "1,2";
			};
			name = Release;
		};
/* End XCBuildConfiguration section */

/* Begin XCConfigurationList section */
		0C26EE651F56B7AA0021F18F /* Build configuration list for PBXProject "CollectionViewBasic" */ = {
			isa = XCConfigurationList;
			buildConfigurations = (
				0C26EE7A1F56B7AA0021F18F /* Debug */,
				0C26EE7B1F56B7AA0021F18F /* Release */,
			);
			defaultConfigurationIsVisible = 0;
			defaultConfigurationName = Release;
		};
		0C26EE7C1F56B7AA0021F18F /* Build configuration list for PBXNativeTarget "CollectionViewBasic" */ = {
			isa = XCConfigurationList;
			buildConfigurations = (
				0C26EE7D1F56B7AA0021F18F /* Debug */,
				0C26EE7E1F56B7AA0021F18F /* Release */,
			);
			defaultConfigurationIsVisible = 0;
			defaultConfigurationName = Release;
		};
/* End XCConfigurationList section */
	};
	rootObject = 0C26EE621F56B7AA0021F18F /* Project object */;
}
